
Microsoft Visual Studio Solution File, Format Version 12.00
# Visual Studio Version 16
VisualStudioVersion = 16.0.36631.11
MinimumVisualStudioVersion = 10.0.40219.1
Project("{FAE04EC0-301F-11D3-BF4B-00C04F79EFBC}") = "MyFirstCSharpApp", "MyFirstCSharpApp\MyFirstCSharpApp.csproj", "{8D4B9202-FF8C-4C1F-B865-B57221697FA8}"
EndProject
Global
	GlobalSection(SolutionConfigurationPlatforms) = preSolution
		Debug|Any CPU = Debug|Any CPU
		Release|Any CPU = Release|Any CPU
	EndGlobalSection
	GlobalSection(ProjectConfigurationPlatforms) = postSolution
		{8D4B9202-FF8C-4C1F-B865-B57221697FA8}.Debug|Any CPU.ActiveCfg = Debug|Any CPU
		{8D4B9202-FF8C-4C1F-B865-B57221697FA8}.Debug|Any CPU.Build.0 = Debug|Any CPU
		{8D4B9202-FF8C-4C1F-B865-B57221697FA8}.Release|Any CPU.ActiveCfg = Release|Any CPU
		{8D4B9202-FF8C-4C1F-B865-B57221697FA8}.Release|Any CPU.Build.0 = Release|Any CPU
	EndGlobalSection
	GlobalSection(SolutionProperties) = preSolution
		HideSolutionNode = FALSE
	EndGlobalSection
	GlobalSection(ExtensibilityGlobals) = postSolution
		SolutionGuid = {3153E611-816E-48EC-94DC-0193017AD98B}
	EndGlobalSection
EndGlobal
